// !$*UTF8*$!
{
	archiveVersion = 1;
	classes = {
	};
	objectVersion = 46;
	objects = {

/* Begin PBXBuildFile section */
		4DFE1A4C19EC491B00DC0582 /* main.m in Sources */ = {isa = PBXBuildFile; fileRef = 4DFE1A4B19EC491B00DC0582 /* main.m */; };
		4DFE1A4F19EC491B00DC0582 /* AppDelegate.m in Sources */ = {isa = PBXBuildFile; fileRef = 4DFE1A4E19EC491B00DC0582 /* AppDelegate.m */; };
		4DFE1A5219EC491B00DC0582 /* MasterViewController.m in Sources */ = {isa = PBXBuildFile; fileRef = 4DFE1A5119EC491B00DC0582 /* MasterViewController.m */; };
		4DFE1A5519EC491B00DC0582 /* DetailViewController.m in Sources */ = {isa = PBXBuildFile; fileRef = 4DFE1A5419EC491B00DC0582 /* DetailViewController.m */; };
		4DFE1A5819EC491B00DC0582 /* Main.storyboard in Resources */ = {isa = PBXBuildFile; fileRef = 4DFE1A5619EC491B00DC0582 /* Main.storyboard */; };
		4DFE1A5A19EC491B00DC0582 /* Images.xcassets in Resources */ = {isa = PBXBuildFile; fileRef = 4DFE1A5919EC491B00DC0582 /* Images.xcassets */; };
		4DFE1A5D19EC491B00DC0582 /* LaunchScreen.xib in Resources */ = {isa = PBXBuildFile; fileRef = 4DFE1A5B19EC491B00DC0582 /* LaunchScreen.xib */; };
		4DFE1A6919EC491C00DC0582 /* SplitViewTestTests.m in Sources */ = {isa = PBXBuildFile; fileRef = 4DFE1A6819EC491C00DC0582 /* SplitViewTestTests.m */; };
/* End PBXBuildFile section */

/* Begin PBXContainerItemProxy section */
		4DFE1A6319EC491C00DC0582 /* PBXContainerItemProxy */ = {
			isa = PBXContainerItemProxy;
			containerPortal = 4DFE1A3E19EC491B00DC0582 /* Project object */;
			proxyType = 1;
			remoteGlobalIDString = 4DFE1A4519EC491B00DC0582;
			remoteInfo = SplitViewTest;
		};
/* End PBXContainerItemProxy section */

/* Begin PBXFileReference section */
		4DFE1A4619EC491B00DC0582 /* SplitViewTest.app */ = {isa = PBXFileReference; explicitFileType = wrapper.application; includeInIndex = 0; path = SplitViewTest.app; sourceTree = BUILT_PRODUCTS_DIR; };
		4DFE1A4A19EC491B00DC0582 /* Info.plist */ = {isa = PBXFileReference; lastKnownFileType = text.plist.xml; path = Info.plist; sourceTree = "<group>"; };
		4DFE1A4B19EC491B00DC0582 /* main.m */ = {isa = PBXFileReference; lastKnownFileType = sourcecode.c.objc; path = main.m; sourceTree = "<group>"; };
		4DFE1A4D19EC491B00DC0582 /* AppDelegate.h */ = {isa = PBXFileReference; lastKnownFileType = sourcecode.c.h; path = AppDelegate.h; sourceTree = "<group>"; };
		4DFE1A4E19EC491B00DC0582 /* AppDelegate.m */ = {isa = PBXFileReference; lastKnownFileType = sourcecode.c.objc; path = AppDelegate.m; sourceTree = "<group>"; };
		4DFE1A5019EC491B00DC0582 /* MasterViewController.h */ = {isa = PBXFileReference; lastKnownFileType = sourcecode.c.h; path = MasterViewController.h; sourceTree = "<group>"; };
		4DFE1A5119EC491B00DC0582 /* MasterViewController.m */ = {isa = PBXFileReference; lastKnownFileType = sourcecode.c.objc; path = MasterViewController.m; sourceTree = "<group>"; };
		4DFE1A5319EC491B00DC0582 /* DetailViewController.h */ = {isa = PBXFileReference; lastKnownFileType = sourcecode.c.h; path = DetailViewController.h; sourceTree = "<group>"; };
		4DFE1A5419EC491B00DC0582 /* DetailViewController.m */ = {isa = PBXFileReference; lastKnownFileType = sourcecode.c.objc; path = DetailViewController.m; sourceTree = "<group>"; };
		4DFE1A5719EC491B00DC0582 /* Base */ = {isa = PBXFileReference; lastKnownFileType = file.storyboard; name = Base; path = Base.lproj/Main.storyboard; sourceTree = "<group>"; };
		4DFE1A5919EC491B00DC0582 /* Images.xcassets */ = {isa = PBXFileReference; lastKnownFileType = folder.assetcatalog; path = Images.xcassets; sourceTree = "<group>"; };
		4DFE1A5C19EC491B00DC0582 /* Base */ = {isa = PBXFileReference; lastKnownFileType = file.xib; name = Base; path = Base.lproj/LaunchScreen.xib; sourceTree = "<group>"; };
		4DFE1A6219EC491C00DC0582 /* SplitViewTestTests.xctest */ = {isa = PBXFileReference; explicitFileType = wrapper.cfbundle; includeInIndex = 0; path = SplitViewTestTests.xctest; sourceTree = BUILT_PRODUCTS_DIR; };
		4DFE1A6719EC491C00DC0582 /* Info.plist */ = {isa = PBXFileReference; lastKnownFileType = text.plist.xml; path = Info.plist; sourceTree = "<group>"; };
		4DFE1A6819EC491C00DC0582 /* SplitViewTestTests.m */ = {isa = PBXFileReference; lastKnownFileType = sourcecode.c.objc; path = SplitViewTestTests.m; sourceTree = "<group>"; };
/* End PBXFileReference section */

/* Begin PBXFrameworksBuildPhase section */
		4DFE1A4319EC491B00DC0582 /* Frameworks */ = {
			isa = PBXFrameworksBuildPhase;
			buildActionMask = 2147483647;
			files = (
			);
			runOnlyForDeploymentPostprocessing = 0;
		};
		4DFE1A5F19EC491C00DC0582 /* Frameworks */ = {
			isa = PBXFrameworksBuildPhase;
			buildActionMask = 2147483647;
			files = (
			);
			runOnlyForDeploymentPostprocessing = 0;
		};
/* End PBXFrameworksBuildPhase section */

/* Begin PBXGroup section */
		4DFE1A3D19EC491B00DC0582 = {
			isa = PBXGroup;
			children = (
				4DFE1A4819EC491B00DC0582 /* SplitViewTest */,
				4DFE1A6519EC491C00DC0582 /* SplitViewTestTests */,
				4DFE1A4719EC491B00DC0582 /* Products */,
			);
			sourceTree = "<group>";
		};
		4DFE1A4719EC491B00DC0582 /* Products */ = {
			isa = PBXGroup;
			children = (
				4DFE1A4619EC491B00DC0582 /* SplitViewTest.app */,
				4DFE1A6219EC491C00DC0582 /* SplitViewTestTests.xctest */,
			);
			name = Products;
			sourceTree = "<group>";
		};
		4DFE1A4819EC491B00DC0582 /* SplitViewTest */ = {
			isa = PBXGroup;
			children = (
				4DFE1A4D19EC491B00DC0582 /* AppDelegate.h */,
				4DFE1A4E19EC491B00DC0582 /* AppDelegate.m */,
				4DFE1A5019EC491B00DC0582 /* MasterViewController.h */,
				4DFE1A5119EC491B00DC0582 /* MasterViewController.m */,
				4DFE1A5319EC491B00DC0582 /* DetailViewController.h */,
				4DFE1A5419EC491B00DC0582 /* DetailViewController.m */,
				4DFE1A5619EC491B00DC0582 /* Main.storyboard */,
				4DFE1A5919EC491B00DC0582 /* Images.xcassets */,
				4DFE1A5B19EC491B00DC0582 /* LaunchScreen.xib */,
				4DFE1A4919EC491B00DC0582 /* Supporting Files */,
			);
			path = SplitViewTest;
			sourceTree = "<group>";
		};
		4DFE1A4919EC491B00DC0582 /* Supporting Files */ = {
			isa = PBXGroup;
			children = (
				4DFE1A4A19EC491B00DC0582 /* Info.plist */,
				4DFE1A4B19EC491B00DC0582 /* main.m */,
			);
			name = "Supporting Files";
			sourceTree = "<group>";
		};
		4DFE1A6519EC491C00DC0582 /* SplitViewTestTests */ = {
			isa = PBXGroup;
			children = (
				4DFE1A6819EC491C00DC0582 /* SplitViewTestTests.m */,
				4DFE1A6619EC491C00DC0582 /* Supporting Files */,
			);
			path = SplitViewTestTests;
			sourceTree = "<group>";
		};
		4DFE1A6619EC491C00DC0582 /* Supporting Files */ = {
			isa = PBXGroup;
			children = (
				4DFE1A6719EC491C00DC0582 /* Info.plist */,
			);
			name = "Supporting Files";
			sourceTree = "<group>";
		};
/* End PBXGroup section */

/* Begin PBXNativeTarget section */
		4DFE1A4519EC491B00DC0582 /* SplitViewTest */ = {
			isa = PBXNativeTarget;
			buildConfigurationList = 4DFE1A6C19EC491C00DC0582 /* Build configuration list for PBXNativeTarget "SplitViewTest" */;
			buildPhases = (
				4DFE1A4219EC491B00DC0582 /* Sources */,
				4DFE1A4319EC491B00DC0582 /* Frameworks */,
				4DFE1A4419EC491B00DC0582 /* Resources */,
			);
			buildRules = (
			);
			dependencies = (
			);
			name = SplitViewTest;
			productName = SplitViewTest;
			productReference = 4DFE1A4619EC491B00DC0582 /* SplitViewTest.app */;
			productType = "com.apple.product-type.application";
		};
		4DFE1A6119EC491C00DC0582 /* SplitViewTestTests */ = {
			isa = PBXNativeTarget;
			buildConfigurationList = 4DFE1A6F19EC491C00DC0582 /* Build configuration list for PBXNativeTarget "SplitViewTestTests" */;
			buildPhases = (
				4DFE1A5E19EC491C00DC0582 /* Sources */,
				4DFE1A5F19EC491C00DC0582 /* Frameworks */,
				4DFE1A6019EC491C00DC0582 /* Resources */,
			);
			buildRules = (
			);
			dependencies = (
				4DFE1A6419EC491C00DC0582 /* PBXTargetDependency */,
			);
			name = SplitViewTestTests;
			productName = SplitViewTestTests;
			productReference = 4DFE1A6219EC491C00DC0582 /* SplitViewTestTests.xctest */;
			productType = "com.apple.product-type.bundle.unit-test";
		};
/* End PBXNativeTarget section */

/* Begin PBXProject section */
		4DFE1A3E19EC491B00DC0582 /* Project object */ = {
			isa = PBXProject;
			attributes = {
				LastUpgradeCheck = 0610;
				ORGANIZATIONNAME = "Test User";
				TargetAttributes = {
					4DFE1A4519EC491B00DC0582 = {
						CreatedOnToolsVersion = 6.1;
					};
					4DFE1A6119EC491C00DC0582 = {
						CreatedOnToolsVersion = 6.1;
						TestTargetID = 4DFE1A4519EC491B00DC0582;
					};
				};
			};
			buildConfigurationList = 4DFE1A4119EC491B00DC0582 /* Build configuration list for PBXProject "SplitViewTest" */;
			compatibilityVersion = "Xcode 3.2";
			developmentRegion = English;
			hasScannedForEncodings = 0;
			knownRegions = (
				en,
				Base,
			);
			mainGroup = 4DFE1A3D19EC491B00DC0582;
			productRefGroup = 4DFE1A4719EC491B00DC0582 /* Products */;
			projectDirPath = "";
			projectRoot = "";
			targets = (
				4DFE1A4519EC491B00DC0582 /* SplitViewTest */,
				4DFE1A6119EC491C00DC0582 /* SplitViewTestTests */,
			);
		};
/* End PBXProject section */

/* Begin PBXResourcesBuildPhase section */
		4DFE1A4419EC491B00DC0582 /* Resources */ = {
			isa = PBXResourcesBuildPhase;
			buildActionMask = 2147483647;
			files = (
				4DFE1A5819EC491B00DC0582 /* Main.storyboard in Resources */,
				4DFE1A5D19EC491B00DC0582 /* LaunchScreen.xib in Resources */,
				4DFE1A5A19EC491B00DC0582 /* Images.xcassets in Resources */,
			);
			runOnlyForDeploymentPostprocessing = 0;
		};
		4DFE1A6019EC491C00DC0582 /* Resources */ = {
			isa = PBXResourcesBuildPhase;
			buildActionMask = 2147483647;
			files = (
			);
			runOnlyForDeploymentPostprocessing = 0;
		};
/* End PBXResourcesBuildPhase section */

/* Begin PBXSourcesBuildPhase section */
		4DFE1A4219EC491B00DC0582 /* Sources */ = {
			isa = PBXSourcesBuildPhase;
			buildActionMask = 2147483647;
			files = (
				4DFE1A4F19EC491B00DC0582 /* AppDelegate.m in Sources */,
				4DFE1A5219EC491B00DC0582 /* MasterViewController.m in Sources */,
				4DFE1A4C19EC491B00DC0582 /* main.m in Sources */,
				4DFE1A5519EC491B00DC0582 /* DetailViewController.m in Sources */,
			);
			runOnlyForDeploymentPostprocessing = 0;
		};
		4DFE1A5E19EC491C00DC0582 /* Sources */ = {
			isa = PBXSourcesBuildPhase;
			buildActionMask = 2147483647;
			files = (
				4DFE1A6919EC491C00DC0582 /* SplitViewTestTests.m in Sources */,
			);
			runOnlyForDeploymentPostprocessing = 0;
		};
/* End PBXSourcesBuildPhase section */

/* Begin PBXTargetDependency section */
		4DFE1A6419EC491C00DC0582 /* PBXTargetDependency */ = {
			isa = PBXTargetDependency;
			target = 4DFE1A4519EC491B00DC0582 /* SplitViewTest */;
			targetProxy = 4DFE1A6319EC491C00DC0582 /* PBXContainerItemProxy */;
		};
/* End PBXTargetDependency section */

/* Begin PBXVariantGroup section */
		4DFE1A5619EC491B00DC0582 /* Main.storyboard */ = {
			isa = PBXVariantGroup;
			children = (
				4DFE1A5719EC491B00DC0582 /* Base */,
			);
			name = Main.storyboard;
			sourceTree = "<group>";
		};
		4DFE1A5B19EC491B00DC0582 /* LaunchScreen.xib */ = {
			isa = PBXVariantGroup;
			children = (
				4DFE1A5C19EC491B00DC0582 /* Base */,
			);
			name = LaunchScreen.xib;
			sourceTree = "<group>";
		};
/* End PBXVariantGroup section */

/* Begin XCBuildConfiguration section */
		4DFE1A6A19EC491C00DC0582 /* Debug */ = {
			isa = XCBuildConfiguration;
			buildSettings = {
				ALWAYS_SEARCH_USER_PATHS = NO;
				CLANG_CXX_LANGUAGE_STANDARD = "gnu++0x";
				CLANG_CXX_LIBRARY = "libc++";
				CLANG_ENABLE_MODULES = YES;
				CLANG_ENABLE_OBJC_ARC = YES;
				CLANG_WARN_BOOL_CONVERSION = YES;
				CLANG_WARN_CONSTANT_CONVERSION = YES;
				CLANG_WARN_DIRECT_OBJC_ISA_USAGE = YES_ERROR;
				CLANG_WARN_EMPTY_BODY = YES;
				CLANG_WARN_ENUM_CONVERSION = YES;
				CLANG_WARN_INT_CONVERSION = YES;
				CLANG_WARN_OBJC_ROOT_CLASS = YES_ERROR;
				CLANG_WARN_UNREACHABLE_CODE = YES;
				CLANG_WARN__DUPLICATE_METHOD_MATCH = YES;
				"CODE_SIGN_IDENTITY[sdk=iphoneos*]" = "iPhone Developer";
				COPY_PHASE_STRIP = NO;
				ENABLE_STRICT_OBJC_MSGSEND = YES;
				GCC_C_LANGUAGE_STANDARD = gnu99;
				GCC_DYNAMIC_NO_PIC = NO;
				GCC_OPTIMIZATION_LEVEL = 0;
				GCC_PREPROCESSOR_DEFINITIONS = (
					"DEBUG=1",
					"$(inherited)",
				);
				GCC_SYMBOLS_PRIVATE_EXTERN = NO;
				GCC_WARN_64_TO_32_BIT_CONVERSION = YES;
				GCC_WARN_ABOUT_RETURN_TYPE = YES_ERROR;
				GCC_WARN_UNDECLARED_SELECTOR = YES;
				GCC_WARN_UNINITIALIZED_AUTOS = YES_AGGRESSIVE;
				GCC_WARN_UNUSED_FUNCTION = YES;
				GCC_WARN_UNUSED_VARIABLE = YES;
				IPHONEOS_DEPLOYMENT_TARGET = 8.1;
				MTL_ENABLE_DEBUG_INFO = YES;
				ONLY_ACTIVE_ARCH = YES;
				SDKROOT = iphoneos;
				TARGETED_DEVICE_FAMILY = "1,2";
			};
			name = Debug;
		};
		4DFE1A6B19EC491C00DC0582 /* Release */ = {
			isa = XCBuildConfiguration;
			buildSettings = {
				ALWAYS_SEARCH_USER_PATHS = NO;
				CLANG_CXX_LANGUAGE_STANDARD = "gnu++0x";
				CLANG_CXX_LIBRARY = "libc++";
				CLANG_ENABLE_MODULES = YES;
				CLANG_ENABLE_OBJC_ARC = YES;
				CLANG_WARN_BOOL_CONVERSION = YES;
				CLANG_WARN_CONSTANT_CONVERSION = YES;
				CLANG_WARN_DIRECT_OBJC_ISA_USAGE = YES_ERROR;
				CLANG_WARN_EMPTY_BODY = YES;
				CLANG_WARN_ENUM_CONVERSION = YES;
				CLANG_WARN_INT_CONVERSION = YES;
				CLANG_WARN_OBJC_ROOT_CLASS = YES_ERROR;
				CLANG_WARN_UNREACHABLE_CODE = YES;
				CLANG_WARN__DUPLICATE_METHOD_MATCH = YES;
				"CODE_SIGN_IDENTITY[sdk=iphoneos*]" = "iPhone Developer";
				COPY_PHASE_STRIP = YES;
				ENABLE_NS_ASSERTIONS = NO;
				ENABLE_STRICT_OBJC_MSGSEND = YES;
				GCC_C_LANGUAGE_STANDARD = gnu99;
				GCC_WARN_64_TO_32_BIT_CONVERSION = YES;
				GCC_WARN_ABOUT_RETURN_TYPE = YES_ERROR;
				GCC_WARN_UNDECLARED_SELECTOR = YES;
				GCC_WARN_UNINITIALIZED_AUTOS = YES_AGGRESSIVE;
				GCC_WARN_UNUSED_FUNCTION = YES;
				GCC_WARN_UNUSED_VARIABLE = YES;
				IPHONEOS_DEPLOYMENT_TARGET = 8.1;
				MTL_ENABLE_DEBUG_INFO = NO;
				SDKROOT = iphoneos;
				TARGETED_DEVICE_FAMILY = "1,2";
				VALIDATE_PRODUCT = YES;
			};
			name = Release;
		};
		4DFE1A6D19EC491C00DC0582 /* Debug */ = {
			isa = XCBuildConfiguration;
			buildSettings = {
				ASSETCATALOG_COMPILER_APPICON_NAME = AppIcon;
				INFOPLIST_FILE = SplitViewTest/Info.plist;
				LD_RUNPATH_SEARCH_PATHS = "$(inherited) @executable_path/Frameworks";
				PRODUCT_NAME = "$(TARGET_NAME)";
			};
			name = Debug;
		};
		4DFE1A6E19EC491C00DC0582 /* Release */ = {
			isa = XCBuildConfiguration;
			buildSettings = {
				ASSETCATALOG_COMPILER_APPICON_NAME = AppIcon;
				INFOPLIST_FILE = SplitViewTest/Info.plist;
				LD_RUNPATH_SEARCH_PATHS = "$(inherited) @executable_path/Frameworks";
				PRODUCT_NAME = "$(TARGET_NAME)";
			};
			name = Release;
		};
		4DFE1A7019EC491C00DC0582 /* Debug */ = {
			isa = XCBuildConfiguration;
			buildSettings = {
				BUNDLE_LOADER = "$(TEST_HOST)";
				FRAMEWORK_SEARCH_PATHS = (
					"$(SDKROOT)/Developer/Library/Frameworks",
					"$(inherited)",
				);
				GCC_PREPROCESSOR_DEFINITIONS = (
					"DEBUG=1",
					"$(inherited)",
				);
				INFOPLIST_FILE = SplitViewTestTests/Info.plist;
				LD_RUNPATH_SEARCH_PATHS = "$(inherited) @executable_path/Frameworks @loader_path/Frameworks";
				PRODUCT_NAME = "$(TARGET_NAME)";
				TEST_HOST = "$(BUILT_PRODUCTS_DIR)/SplitViewTest.app/SplitViewTest";
			};
			name = Debug;
		};
		4DFE1A7119EC491C00DC0582 /* Release */ = {
			isa = XCBuildConfiguration;
			buildSettings = {
				BUNDLE_LOADER = "$(TEST_HOST)";
				FRAMEWORK_SEARCH_PATHS = (
					"$(SDKROOT)/Developer/Library/Frameworks",
					"$(inherited)",
				);
				INFOPLIST_FILE = SplitViewTestTests/Info.plist;
				LD_RUNPATH_SEARCH_PATHS = "$(inherited) @executable_path/Frameworks @loader_path/Frameworks";
				PRODUCT_NAME = "$(TARGET_NAME)";
				TEST_HOST = "$(BUILT_PRODUCTS_DIR)/SplitViewTest.app/SplitViewTest";
			};
			name = Release;
		};
/* End XCBuildConfiguration section */

/* Begin XCConfigurationList section */
		4DFE1A4119EC491B00DC0582 /* Build configuration list for PBXProject "SplitViewTest" */ = {
			isa = XCConfigurationList;
			buildConfigurations = (
				4DFE1A6A19EC491C00DC0582 /* Debug */,
				4DFE1A6B19EC491C00DC0582 /* Release */,
			);
			defaultConfigurationIsVisible = 0;
			defaultConfigurationName = Release;
		};
		4DFE1A6C19EC491C00DC0582 /* Build configuration list for PBXNativeTarget "SplitViewTest" */ = {
			isa = XCConfigurationList;
			buildConfigurations = (
				4DFE1A6D19EC491C00DC0582 /* Debug */,
				4DFE1A6E19EC491C00DC0582 /* Release */,
			);
			defaultConfigurationIsVisible = 0;
		};
		4DFE1A6F19EC491C00DC0582 /* Build configuration list for PBXNativeTarget "SplitViewTestTests" */ = {
			isa = XCConfigurationList;
			buildConfigurations = (
				4DFE1A7019EC491C00DC0582 /* Debug */,
				4DFE1A7119EC491C00DC0582 /* Release */,
			);
			defaultConfigurationIsVisible = 0;
		};
/* End XCConfigurationList section */
	};
	rootObject = 4DFE1A3E19EC491B00DC0582 /* Project object */;
}
